
Microsoft Visual Studio Solution File, Format Version 12.00
# Visual Studio Version 16
VisualStudioVersion = 16.0.29326.143
MinimumVisualStudioVersion = 10.0.40219.1
Project("{FAE04EC0-301F-11D3-BF4B-00C04F79EFBC}") = "MediaCalender.Server", "MediaCalender\Server\MediaCalender.Server.csproj", "{A94A0D34-B4C8-4E25-8523-1893D2D0EEAA}"
EndProject
Project("{FAE04EC0-301F-11D3-BF4B-00C04F79EFBC}") = "MediaCalender.Client", "MediaCalender\Client\MediaCalender.Client.csproj", "{2CFCD792-F30B-4C42-AC00-1C0D630B99E5}"
EndProject
Project("{FAE04EC0-301F-11D3-BF4B-00C04F79EFBC}") = "MediaCalender.Shared", "MediaCalender\Shared\MediaCalender.Shared.csproj", "{F445778E-868C-45B0-8016-AC9A8B85F3F8}"
EndProject
Global
	GlobalSection(SolutionConfigurationPlatforms) = preSolution
		Debug|Any CPU = Debug|Any CPU
		Release|Any CPU = Release|Any CPU
	EndGlobalSection
	GlobalSection(ProjectConfigurationPlatforms) = postSolution
		{A94A0D34-B4C8-4E25-8523-1893D2D0EEAA}.Debug|Any CPU.ActiveCfg = Debug|Any CPU
		{A94A0D34-B4C8-4E25-8523-1893D2D0EEAA}.Debug|Any CPU.Build.0 = Debug|Any CPU
		{A94A0D34-B4C8-4E25-8523-1893D2D0EEAA}.Release|Any CPU.ActiveCfg = Release|Any CPU
		{A94A0D34-B4C8-4E25-8523-1893D2D0EEAA}.Release|Any CPU.Build.0 = Release|Any CPU
		{2CFCD792-F30B-4C42-AC00-1C0D630B99E5}.Debug|Any CPU.ActiveCfg = Debug|Any CPU
		{2CFCD792-F30B-4C42-AC00-1C0D630B99E5}.Debug|Any CPU.Build.0 = Debug|Any CPU
		{2CFCD792-F30B-4C42-AC00-1C0D630B99E5}.Release|Any CPU.ActiveCfg = Release|Any CPU
		{2CFCD792-F30B-4C42-AC00-1C0D630B99E5}.Release|Any CPU.Build.0 = Release|Any CPU
		{F445778E-868C-45B0-8016-AC9A8B85F3F8}.Debug|Any CPU.ActiveCfg = Debug|Any CPU
		{F445778E-868C-45B0-8016-AC9A8B85F3F8}.Debug|Any CPU.Build.0 = Debug|Any CPU
		{F445778E-868C-45B0-8016-AC9A8B85F3F8}.Release|Any CPU.ActiveCfg = Release|Any CPU
		{F445778E-868C-45B0-8016-AC9A8B85F3F8}.Release|Any CPU.Build.0 = Release|Any CPU
	EndGlobalSection
	GlobalSection(SolutionProperties) = preSolution
		HideSolutionNode = FALSE
	EndGlobalSection
	GlobalSection(ExtensibilityGlobals) = postSolution
		SolutionGuid = {45640EB1-D757-4097-9E4C-EC07268AE6DD}
	EndGlobalSection
EndGlobal
